
Microsoft Visual Studio Solution File, Format Version 12.00
# Visual Studio Version 16
VisualStudioVersion = 16.0.31410.357
MinimumVisualStudioVersion = 10.0.40219.1
Project("{FAE04EC0-301F-11D3-BF4B-00C04F79EFBC}") = "AlgoritmosFinalOK", "AlgoritmosFinalOK.csproj", "{90EFDCE5-677E-4AF6-9812-14DB78238071}"
EndProject
Global
	GlobalSection(SolutionConfigurationPlatforms) = preSolution
		Debug|Any CPU = Debug|Any CPU
		Release|Any CPU = Release|Any CPU
	EndGlobalSection
	GlobalSection(ProjectConfigurationPlatforms) = postSolution
		{90EFDCE5-677E-4AF6-9812-14DB78238071}.Debug|Any CPU.ActiveCfg = Debug|Any CPU
		{90EFDCE5-677E-4AF6-9812-14DB78238071}.Debug|Any CPU.Build.0 = Debug|Any CPU
		{90EFDCE5-677E-4AF6-9812-14DB78238071}.Release|Any CPU.ActiveCfg = Release|Any CPU
		{90EFDCE5-677E-4AF6-9812-14DB78238071}.Release|Any CPU.Build.0 = Release|Any CPU
	EndGlobalSection
	GlobalSection(SolutionProperties) = preSolution
		HideSolutionNode = FALSE
	EndGlobalSection
	GlobalSection(ExtensibilityGlobals) = postSolution
		SolutionGuid = {86756F37-E26D-4FD5-9A49-921CE9EAA512}
	EndGlobalSection
EndGlobal
